
Microsoft Visual Studio Solution File, Format Version 12.00
# Visual Studio 15
VisualStudioVersion = 15.0.28010.2003
MinimumVisualStudioVersion = 10.0.40219.1
Project("{8BC9CEB8-8B4A-11D0-8D11-00A0C91BC942}") = "CSCI 112 GradeLab", "CSCI 112 GradeLab\CSCI 112 GradeLab.vcxproj", "{4C1C6974-AEED-444D-B9FA-4504366696D3}"
EndProject
Global
	GlobalSection(SolutionConfigurationPlatforms) = preSolution
		Debug|x64 = Debug|x64
		Debug|x86 = Debug|x86
		Release|x64 = Release|x64
		Release|x86 = Release|x86
	EndGlobalSection
	GlobalSection(ProjectConfigurationPlatforms) = postSolution
		{4C1C6974-AEED-444D-B9FA-4504366696D3}.Debug|x64.ActiveCfg = Debug|x64
		{4C1C6974-AEED-444D-B9FA-4504366696D3}.Debug|x64.Build.0 = Debug|x64
		{4C1C6974-AEED-444D-B9FA-4504366696D3}.Debug|x86.ActiveCfg = Debug|Win32
		{4C1C6974-AEED-444D-B9FA-4504366696D3}.Debug|x86.Build.0 = Debug|Win32
		{4C1C6974-AEED-444D-B9FA-4504366696D3}.Release|x64.ActiveCfg = Release|x64
		{4C1C6974-AEED-444D-B9FA-4504366696D3}.Release|x64.Build.0 = Release|x64
		{4C1C6974-AEED-444D-B9FA-4504366696D3}.Release|x86.ActiveCfg = Release|Win32
		{4C1C6974-AEED-444D-B9FA-4504366696D3}.Release|x86.Build.0 = Release|Win32
	EndGlobalSection
	GlobalSection(SolutionProperties) = preSolution
		HideSolutionNode = FALSE
	EndGlobalSection
	GlobalSection(ExtensibilityGlobals) = postSolution
		SolutionGuid = {9649F53C-22ED-4351-92AC-8FA3D196F312}
	EndGlobalSection
EndGlobal
